{
  "requires": true,
  "lockfileVersion": 1,
  "dependencies": {
    "bower": {
      "version": "1.8.8",
      "resolved": "https://registry.npmjs.org/bower/-/bower-1.8.8.tgz",
      "integrity": "sha512-1SrJnXnkP9soITHptSO+ahx3QKp3cVzn8poI6ujqc5SeOkg5iqM1pK9H+DSc2OQ8SnO0jC/NG4Ur/UIwy7574A=="
    },
    "mp-slider": {
      "version": "2.0.0",
      "resolved": "https://registry.npmjs.org/mp-slider/-/mp-slider-2.0.0.tgz",
      "integrity": "sha512-WCHyCOit9gRbTsqES9VmN24EqL+N9p2gQcdG9iXASi1ievjGfOArQzRFUZvgNFZ/lXmmU1qdTWKLheqMLLdAOQ=="
    }
  }
}
